
Microsoft Visual Studio Solution File, Format Version 12.00
# Visual Studio Version 16
VisualStudioVersion = 16.0.34729.46
MinimumVisualStudioVersion = 10.0.40219.1
Project("{8BC9CEB8-8B4A-11D0-8D11-00A0C91BC942}") = "MultiplicationTable", "MultiplicationTable\MultiplicationTable.vcxproj", "{AF4BA1D4-2E9F-47A8-A735-C07D4AAFF8CC}"
EndProject
Global
	GlobalSection(SolutionConfigurationPlatforms) = preSolution
		Debug|x64 = Debug|x64
		Debug|x86 = Debug|x86
		Release|x64 = Release|x64
		Release|x86 = Release|x86
	EndGlobalSection
	GlobalSection(ProjectConfigurationPlatforms) = postSolution
		{AF4BA1D4-2E9F-47A8-A735-C07D4AAFF8CC}.Debug|x64.ActiveCfg = Debug|x64
		{AF4BA1D4-2E9F-47A8-A735-C07D4AAFF8CC}.Debug|x64.Build.0 = Debug|x64
		{AF4BA1D4-2E9F-47A8-A735-C07D4AAFF8CC}.Debug|x86.ActiveCfg = Debug|Win32
		{AF4BA1D4-2E9F-47A8-A735-C07D4AAFF8CC}.Debug|x86.Build.0 = Debug|Win32
		{AF4BA1D4-2E9F-47A8-A735-C07D4AAFF8CC}.Release|x64.ActiveCfg = Release|x64
		{AF4BA1D4-2E9F-47A8-A735-C07D4AAFF8CC}.Release|x64.Build.0 = Release|x64
		{AF4BA1D4-2E9F-47A8-A735-C07D4AAFF8CC}.Release|x86.ActiveCfg = Release|Win32
		{AF4BA1D4-2E9F-47A8-A735-C07D4AAFF8CC}.Release|x86.Build.0 = Release|Win32
	EndGlobalSection
	GlobalSection(SolutionProperties) = preSolution
		HideSolutionNode = FALSE
	EndGlobalSection
	GlobalSection(ExtensibilityGlobals) = postSolution
		SolutionGuid = {D40DA2A2-0000-4065-A088-1B6E77508268}
	EndGlobalSection
EndGlobal
